
Microsoft Visual Studio Solution File, Format Version 12.00
# Visual Studio Version 17
VisualStudioVersion = 17.0.31611.283
MinimumVisualStudioVersion = 10.0.40219.1
Project("{9A19103F-16F7-4668-BE54-9A1E7A4F7556}") = "LogBook.Lib", "LogBook.Lib\LogBook.Lib.csproj", "{70DD35C4-183E-4069-9431-4B3FB3CD904C}"
EndProject
Project("{9A19103F-16F7-4668-BE54-9A1E7A4F7556}") = "LogBook.Cli", "LogBook.Cli\LogBook.Cli.csproj", "{C9C51489-DE61-4D30-95EA-CDDE5FD395BF}"
EndProject
Project("{FAE04EC0-301F-11D3-BF4B-00C04F79EFBC}") = "LogBook.LogBookApp", "LogBook.LogBookApp\LogBook.LogBookApp.csproj", "{ADCB708F-40E8-4D8C-A341-3B3970836B94}"
EndProject
Global
	GlobalSection(SolutionConfigurationPlatforms) = preSolution
		Debug|Any CPU = Debug|Any CPU
		Release|Any CPU = Release|Any CPU
	EndGlobalSection
	GlobalSection(ProjectConfigurationPlatforms) = postSolution
		{70DD35C4-183E-4069-9431-4B3FB3CD904C}.Debug|Any CPU.ActiveCfg = Debug|Any CPU
		{70DD35C4-183E-4069-9431-4B3FB3CD904C}.Debug|Any CPU.Build.0 = Debug|Any CPU
		{70DD35C4-183E-4069-9431-4B3FB3CD904C}.Release|Any CPU.ActiveCfg = Release|Any CPU
		{70DD35C4-183E-4069-9431-4B3FB3CD904C}.Release|Any CPU.Build.0 = Release|Any CPU
		{C9C51489-DE61-4D30-95EA-CDDE5FD395BF}.Debug|Any CPU.ActiveCfg = Debug|Any CPU
		{C9C51489-DE61-4D30-95EA-CDDE5FD395BF}.Debug|Any CPU.Build.0 = Debug|Any CPU
		{C9C51489-DE61-4D30-95EA-CDDE5FD395BF}.Release|Any CPU.ActiveCfg = Release|Any CPU
		{C9C51489-DE61-4D30-95EA-CDDE5FD395BF}.Release|Any CPU.Build.0 = Release|Any CPU
		{ADCB708F-40E8-4D8C-A341-3B3970836B94}.Debug|Any CPU.ActiveCfg = Debug|Any CPU
		{ADCB708F-40E8-4D8C-A341-3B3970836B94}.Debug|Any CPU.Build.0 = Debug|Any CPU
		{ADCB708F-40E8-4D8C-A341-3B3970836B94}.Debug|Any CPU.Deploy.0 = Debug|Any CPU
		{ADCB708F-40E8-4D8C-A341-3B3970836B94}.Release|Any CPU.ActiveCfg = Release|Any CPU
		{ADCB708F-40E8-4D8C-A341-3B3970836B94}.Release|Any CPU.Build.0 = Release|Any CPU
		{ADCB708F-40E8-4D8C-A341-3B3970836B94}.Release|Any CPU.Deploy.0 = Release|Any CPU
	EndGlobalSection
	GlobalSection(SolutionProperties) = preSolution
		HideSolutionNode = FALSE
	EndGlobalSection
	GlobalSection(ExtensibilityGlobals) = postSolution
		SolutionGuid = {61F7FB11-1E47-470C-91E2-47F8143E1572}
	EndGlobalSection
EndGlobal
